// !$*UTF8*$!
{
	archiveVersion = 1;
	classes = {
	};
	objectVersion = 50;
	objects = {

/* Begin PBXBuildFile section */
		0EF38D1124F63D52004626F6 /* AppDelegate.m in Sources */ = {isa = PBXBuildFile; fileRef = 0EF38D1024F63D52004626F6 /* AppDelegate.m */; };
		0EF38D1424F63D52004626F6 /* SceneDelegate.m in Sources */ = {isa = PBXBuildFile; fileRef = 0EF38D1324F63D52004626F6 /* SceneDelegate.m */; };
		0EF38D1724F63D52004626F6 /* ViewController.m in Sources */ = {isa = PBXBuildFile; fileRef = 0EF38D1624F63D52004626F6 /* ViewController.m */; };
		0EF38D1A24F63D52004626F6 /* Main.storyboard in Resources */ = {isa = PBXBuildFile; fileRef = 0EF38D1824F63D52004626F6 /* Main.storyboard */; };
		0EF38D1C24F63D56004626F6 /* Assets.xcassets in Resources */ = {isa = PBXBuildFile; fileRef = 0EF38D1B24F63D56004626F6 /* Assets.xcassets */; };
		0EF38D1F24F63D56004626F6 /* LaunchScreen.storyboard in Resources */ = {isa = PBXBuildFile; fileRef = 0EF38D1D24F63D56004626F6 /* LaunchScreen.storyboard */; };
		0EF38D2224F63D56004626F6 /* main.m in Sources */ = {isa = PBXBuildFile; fileRef = 0EF38D2124F63D56004626F6 /* main.m */; };
/* End PBXBuildFile section */

/* Begin PBXFileReference section */
		0EF38D0C24F63D52004626F6 /* notificationTest.app */ = {isa = PBXFileReference; explicitFileType = wrapper.application; includeInIndex = 0; path = notificationTest.app; sourceTree = BUILT_PRODUCTS_DIR; };
		0EF38D0F24F63D52004626F6 /* AppDelegate.h */ = {isa = PBXFileReference; lastKnownFileType = sourcecode.c.h; path = AppDelegate.h; sourceTree = "<group>"; };
		0EF38D1024F63D52004626F6 /* AppDelegate.m */ = {isa = PBXFileReference; lastKnownFileType = sourcecode.c.objc; path = AppDelegate.m; sourceTree = "<group>"; };
		0EF38D1224F63D52004626F6 /* SceneDelegate.h */ = {isa = PBXFileReference; lastKnownFileType = sourcecode.c.h; path = SceneDelegate.h; sourceTree = "<group>"; };
		0EF38D1324F63D52004626F6 /* SceneDelegate.m */ = {isa = PBXFileReference; lastKnownFileType = sourcecode.c.objc; path = SceneDelegate.m; sourceTree = "<group>"; };
		0EF38D1524F63D52004626F6 /* ViewController.h */ = {isa = PBXFileReference; lastKnownFileType = sourcecode.c.h; path = ViewController.h; sourceTree = "<group>"; };
		0EF38D1624F63D52004626F6 /* ViewController.m */ = {isa = PBXFileReference; lastKnownFileType = sourcecode.c.objc; path = ViewController.m; sourceTree = "<group>"; };
		0EF38D1924F63D52004626F6 /* Base */ = {isa = PBXFileReference; lastKnownFileType = file.storyboard; name = Base; path = Base.lproj/Main.storyboard; sourceTree = "<group>"; };
		0EF38D1B24F63D56004626F6 /* Assets.xcassets */ = {isa = PBXFileReference; lastKnownFileType = folder.assetcatalog; path = Assets.xcassets; sourceTree = "<group>"; };
		0EF38D1E24F63D56004626F6 /* Base */ = {isa = PBXFileReference; lastKnownFileType = file.storyboard; name = Base; path = Base.lproj/LaunchScreen.storyboard; sourceTree = "<group>"; };
		0EF38D2024F63D56004626F6 /* Info.plist */ = {isa = PBXFileReference; lastKnownFileType = text.plist.xml; path = Info.plist; sourceTree = "<group>"; };
		0EF38D2124F63D56004626F6 /* main.m */ = {isa = PBXFileReference; lastKnownFileType = sourcecode.c.objc; path = main.m; sourceTree = "<group>"; };
/* End PBXFileReference section */

/* Begin PBXFrameworksBuildPhase section */
		0EF38D0924F63D52004626F6 /* Frameworks */ = {
			isa = PBXFrameworksBuildPhase;
			buildActionMask = 2147483647;
			files = (
			);
			runOnlyForDeploymentPostprocessing = 0;
		};
/* End PBXFrameworksBuildPhase section */

/* Begin PBXGroup section */
		0EF38D0324F63D52004626F6 = {
			isa = PBXGroup;
			children = (
				0EF38D0E24F63D52004626F6 /* notificationTest */,
				0EF38D0D24F63D52004626F6 /* Products */,
			);
			sourceTree = "<group>";
		};
		0EF38D0D24F63D52004626F6 /* Products */ = {
			isa = PBXGroup;
			children = (
				0EF38D0C24F63D52004626F6 /* notificationTest.app */,
			);
			name = Products;
			sourceTree = "<group>";
		};
		0EF38D0E24F63D52004626F6 /* notificationTest */ = {
			isa = PBXGroup;
			children = (
				0EF38D0F24F63D52004626F6 /* AppDelegate.h */,
				0EF38D1024F63D52004626F6 /* AppDelegate.m */,
				0EF38D1224F63D52004626F6 /* SceneDelegate.h */,
				0EF38D1324F63D52004626F6 /* SceneDelegate.m */,
				0EF38D1524F63D52004626F6 /* ViewController.h */,
				0EF38D1624F63D52004626F6 /* ViewController.m */,
				0EF38D1824F63D52004626F6 /* Main.storyboard */,
				0EF38D1B24F63D56004626F6 /* Assets.xcassets */,
				0EF38D1D24F63D56004626F6 /* LaunchScreen.storyboard */,
				0EF38D2024F63D56004626F6 /* Info.plist */,
				0EF38D2124F63D56004626F6 /* main.m */,
			);
			path = notificationTest;
			sourceTree = "<group>";
		};
/* End PBXGroup section */

/* Begin PBXNativeTarget section */
		0EF38D0B24F63D52004626F6 /* notificationTest */ = {
			isa = PBXNativeTarget;
			buildConfigurationList = 0EF38D2524F63D56004626F6 /* Build configuration list for PBXNativeTarget "notificationTest" */;
			buildPhases = (
				0EF38D0824F63D52004626F6 /* Sources */,
				0EF38D0924F63D52004626F6 /* Frameworks */,
				0EF38D0A24F63D52004626F6 /* Resources */,
			);
			buildRules = (
			);
			dependencies = (
			);
			name = notificationTest;
			productName = notificationTest;
			productReference = 0EF38D0C24F63D52004626F6 /* notificationTest.app */;
			productType = "com.apple.product-type.application";
		};
/* End PBXNativeTarget section */

/* Begin PBXProject section */
		0EF38D0424F63D52004626F6 /* Project object */ = {
			isa = PBXProject;
			attributes = {
				LastUpgradeCheck = 1150;
				ORGANIZATIONNAME = littleTeam;
				TargetAttributes = {
					0EF38D0B24F63D52004626F6 = {
						CreatedOnToolsVersion = 11.5;
					};
				};
			};
			buildConfigurationList = 0EF38D0724F63D52004626F6 /* Build configuration list for PBXProject "notificationTest" */;
			compatibilityVersion = "Xcode 9.3";
			developmentRegion = en;
			hasScannedForEncodings = 0;
			knownRegions = (
				en,
				Base,
			);
			mainGroup = 0EF38D0324F63D52004626F6;
			productRefGroup = 0EF38D0D24F63D52004626F6 /* Products */;
			projectDirPath = "";
			projectRoot = "";
			targets = (
				0EF38D0B24F63D52004626F6 /* notificationTest */,
			);
		};
/* End PBXProject section */

/* Begin PBXResourcesBuildPhase section */
		0EF38D0A24F63D52004626F6 /* Resources */ = {
			isa = PBXResourcesBuildPhase;
			buildActionMask = 2147483647;
			files = (
				0EF38D1F24F63D56004626F6 /* LaunchScreen.storyboard in Resources */,
				0EF38D1C24F63D56004626F6 /* Assets.xcassets in Resources */,
				0EF38D1A24F63D52004626F6 /* Main.storyboard in Resources */,
			);
			runOnlyForDeploymentPostprocessing = 0;
		};
/* End PBXResourcesBuildPhase section */

/* Begin PBXSourcesBuildPhase section */
		0EF38D0824F63D52004626F6 /* Sources */ = {
			isa = PBXSourcesBuildPhase;
			buildActionMask = 2147483647;
			files = (
				0EF38D1724F63D52004626F6 /* ViewController.m in Sources */,
				0EF38D1124F63D52004626F6 /* AppDelegate.m in Sources */,
				0EF38D2224F63D56004626F6 /* main.m in Sources */,
				0EF38D1424F63D52004626F6 /* SceneDelegate.m in Sources */,
			);
			runOnlyForDeploymentPostprocessing = 0;
		};
/* End PBXSourcesBuildPhase section */

/* Begin PBXVariantGroup section */
		0EF38D1824F63D52004626F6 /* Main.storyboard */ = {
			isa = PBXVariantGroup;
			children = (
				0EF38D1924F63D52004626F6 /* Base */,
			);
			name = Main.storyboard;
			sourceTree = "<group>";
		};
		0EF38D1D24F63D56004626F6 /* LaunchScreen.storyboard */ = {
			isa = PBXVariantGroup;
			children = (
				0EF38D1E24F63D56004626F6 /* Base */,
			);
			name = LaunchScreen.storyboard;
			sourceTree = "<group>";
		};
/* End PBXVariantGroup section */

/* Begin XCBuildConfiguration section */
		0EF38D2324F63D56004626F6 /* Debug */ = {
			isa = XCBuildConfiguration;
			buildSettings = {
				ALWAYS_SEARCH_USER_PATHS = NO;
				CLANG_ANALYZER_NONNULL = YES;
				CLANG_ANALYZER_NUMBER_OBJECT_CONVERSION = YES_AGGRESSIVE;
				CLANG_CXX_LANGUAGE_STANDARD = "gnu++14";
				CLANG_CXX_LIBRARY = "libc++";
				CLANG_ENABLE_MODULES = YES;
				CLANG_ENABLE_OBJC_ARC = YES;
				CLANG_ENABLE_OBJC_WEAK = YES;
				CLANG_WARN_BLOCK_CAPTURE_AUTORELEASING = YES;
				CLANG_WARN_BOOL_CONVERSION = YES;
				CLANG_WARN_COMMA = YES;
				CLANG_WARN_CONSTANT_CONVERSION = YES;
				CLANG_WARN_DEPRECATED_OBJC_IMPLEMENTATIONS = YES;
				CLANG_WARN_DIRECT_OBJC_ISA_USAGE = YES_ERROR;
				CLANG_WARN_DOCUMENTATION_COMMENTS = YES;
				CLANG_WARN_EMPTY_BODY = YES;
				CLANG_WARN_ENUM_CONVERSION = YES;
				CLANG_WARN_INFINITE_RECURSION = YES;
				CLANG_WARN_INT_CONVERSION = YES;
				CLANG_WARN_NON_LITERAL_NULL_CONVERSION = YES;
				CLANG_WARN_OBJC_IMPLICIT_RETAIN_SELF = YES;
				CLANG_WARN_OBJC_LITERAL_CONVERSION = YES;
				CLANG_WARN_OBJC_ROOT_CLASS = YES_ERROR;
				CLANG_WARN_RANGE_LOOP_ANALYSIS = YES;
				CLANG_WARN_STRICT_PROTOTYPES = YES;
				CLANG_WARN_SUSPICIOUS_MOVE = YES;
				CLANG_WARN_UNGUARDED_AVAILABILITY = YES_AGGRESSIVE;
				CLANG_WARN_UNREACHABLE_CODE = YES;
				CLANG_WARN__DUPLICATE_METHOD_MATCH = YES;
				COPY_PHASE_STRIP = NO;
				DEBUG_INFORMATION_FORMAT = dwarf;
				ENABLE_STRICT_OBJC_MSGSEND = YES;
				ENABLE_TESTABILITY = YES;
				GCC_C_LANGUAGE_STANDARD = gnu11;
				GCC_DYNAMIC_NO_PIC = NO;
				GCC_NO_COMMON_BLOCKS = YES;
				GCC_OPTIMIZATION_LEVEL = 0;
				GCC_PREPROCESSOR_DEFINITIONS = (
					"DEBUG=1",
					"$(inherited)",
				);
				GCC_WARN_64_TO_32_BIT_CONVERSION = YES;
				GCC_WARN_ABOUT_RETURN_TYPE = YES_ERROR;
				GCC_WARN_UNDECLARED_SELECTOR = YES;
				GCC_WARN_UNINITIALIZED_AUTOS = YES_AGGRESSIVE;
				GCC_WARN_UNUSED_FUNCTION = YES;
				GCC_WARN_UNUSED_VARIABLE = YES;
				IPHONEOS_DEPLOYMENT_TARGET = 10.0;
				MTL_ENABLE_DEBUG_INFO = INCLUDE_SOURCE;
				MTL_FAST_MATH = YES;
				ONLY_ACTIVE_ARCH = YES;
				SDKROOT = iphoneos;
			};
			name = Debug;
		};
		0EF38D2424F63D56004626F6 /* Release */ = {
			isa = XCBuildConfiguration;
			buildSettings = {
				ALWAYS_SEARCH_USER_PATHS = NO;
				CLANG_ANALYZER_NONNULL = YES;
				CLANG_ANALYZER_NUMBER_OBJECT_CONVERSION = YES_AGGRESSIVE;
				CLANG_CXX_LANGUAGE_STANDARD = "gnu++14";
				CLANG_CXX_LIBRARY = "libc++";
				CLANG_ENABLE_MODULES = YES;
				CLANG_ENABLE_OBJC_ARC = YES;
				CLANG_ENABLE_OBJC_WEAK = YES;
				CLANG_WARN_BLOCK_CAPTURE_AUTORELEASING = YES;
				CLANG_WARN_BOOL_CONVERSION = YES;
				CLANG_WARN_COMMA = YES;
				CLANG_WARN_CONSTANT_CONVERSION = YES;
				CLANG_WARN_DEPRECATED_OBJC_IMPLEMENTATIONS = YES;
				CLANG_WARN_DIRECT_OBJC_ISA_USAGE = YES_ERROR;
				CLANG_WARN_DOCUMENTATION_COMMENTS = YES;
				CLANG_WARN_EMPTY_BODY = YES;
				CLANG_WARN_ENUM_CONVERSION = YES;
				CLANG_WARN_INFINITE_RECURSION = YES;
				CLANG_WARN_INT_CONVERSION = YES;
				CLANG_WARN_NON_LITERAL_NULL_CONVERSION = YES;
				CLANG_WARN_OBJC_IMPLICIT_RETAIN_SELF = YES;
				CLANG_WARN_OBJC_LITERAL_CONVERSION = YES;
				CLANG_WARN_OBJC_ROOT_CLASS = YES_ERROR;
				CLANG_WARN_RANGE_LOOP_ANALYSIS = YES;
				CLANG_WARN_STRICT_PROTOTYPES = YES;
				CLANG_WARN_SUSPICIOUS_MOVE = YES;
				CLANG_WARN_UNGUARDED_AVAILABILITY = YES_AGGRESSIVE;
				CLANG_WARN_UNREACHABLE_CODE = YES;
				CLANG_WARN__DUPLICATE_METHOD_MATCH = YES;
				COPY_PHASE_STRIP = NO;
				DEBUG_INFORMATION_FORMAT = "dwarf-with-dsym";
				ENABLE_NS_ASSERTIONS = NO;
				ENABLE_STRICT_OBJC_MSGSEND = YES;
				GCC_C_LANGUAGE_STANDARD = gnu11;
				GCC_NO_COMMON_BLOCKS = YES;
				GCC_WARN_64_TO_32_BIT_CONVERSION = YES;
				GCC_WARN_ABOUT_RETURN_TYPE = YES_ERROR;
				GCC_WARN_UNDECLARED_SELECTOR = YES;
				GCC_WARN_UNINITIALIZED_AUTOS = YES_AGGRESSIVE;
				GCC_WARN_UNUSED_FUNCTION = YES;
				GCC_WARN_UNUSED_VARIABLE = YES;
				IPHONEOS_DEPLOYMENT_TARGET = 10.0;
				MTL_ENABLE_DEBUG_INFO = NO;
				MTL_FAST_MATH = YES;
				SDKROOT = iphoneos;
				VALIDATE_PRODUCT = YES;
			};
			name = Release;
		};
		0EF38D2624F63D56004626F6 /* Debug */ = {
			isa = XCBuildConfiguration;
			buildSettings = {
				ASSETCATALOG_COMPILER_APPICON_NAME = AppIcon;
				CODE_SIGN_STYLE = Automatic;
				DEVELOPMENT_TEAM = ME79D3E854;
				INFOPLIST_FILE = notificationTest/Info.plist;
				LD_RUNPATH_SEARCH_PATHS = (
					"$(inherited)",
					"@executable_path/Frameworks",
				);
				PRODUCT_BUNDLE_IDENTIFIER = com.11.notificationTest;
				PRODUCT_NAME = "$(TARGET_NAME)";
				TARGETED_DEVICE_FAMILY = "1,2";
			};
			name = Debug;
		};
		0EF38D2724F63D56004626F6 /* Release */ = {
			isa = XCBuildConfiguration;
			buildSettings = {
				ASSETCATALOG_COMPILER_APPICON_NAME = AppIcon;
				CODE_SIGN_STYLE = Automatic;
				DEVELOPMENT_TEAM = ME79D3E854;
				INFOPLIST_FILE = notificationTest/Info.plist;
				LD_RUNPATH_SEARCH_PATHS = (
					"$(inherited)",
					"@executable_path/Frameworks",
				);
				PRODUCT_BUNDLE_IDENTIFIER = com.11.notificationTest;
				PRODUCT_NAME = "$(TARGET_NAME)";
				TARGETED_DEVICE_FAMILY = "1,2";
			};
			name = Release;
		};
/* End XCBuildConfiguration section */

/* Begin XCConfigurationList section */
		0EF38D0724F63D52004626F6 /* Build configuration list for PBXProject "notificationTest" */ = {
			isa = XCConfigurationList;
			buildConfigurations = (
				0EF38D2324F63D56004626F6 /* Debug */,
				0EF38D2424F63D56004626F6 /* Release */,
			);
			defaultConfigurationIsVisible = 0;
			defaultConfigurationName = Release;
		};
		0EF38D2524F63D56004626F6 /* Build configuration list for PBXNativeTarget "notificationTest" */ = {
			isa = XCConfigurationList;
			buildConfigurations = (
				0EF38D2624F63D56004626F6 /* Debug */,
				0EF38D2724F63D56004626F6 /* Release */,
			);
			defaultConfigurationIsVisible = 0;
			defaultConfigurationName = Release;
		};
/* End XCConfigurationList section */
	};
	rootObject = 0EF38D0424F63D52004626F6 /* Project object */;
}
